// !$*UTF8*$!
{
	archiveVersion = 1;
	classes = {
	};
	objectVersion = 52;
	objects = {

/* Begin PBXBuildFile section */
		05F636A5D33061319826DC9B /* AppContainer.swift in Sources */ = {isa = PBXBuildFile; fileRef = 66A711845D9D61E3D2F45BF1 /* AppContainer.swift */; };
		11F0A7B13D7E43C032CCA7F4 /* AppRouter.swift in Sources */ = {isa = PBXBuildFile; fileRef = 75864FD9588CD3213EDC4C67 /* AppRouter.swift */; };
		1EE6A23252CAD14AB262894F /* APIKeys.plist in Resources */ = {isa = PBXBuildFile; fileRef = BA669EBFCDC8276215016135 /* APIKeys.plist */; };
		2E1E04060E45050F760EFCAD /* CommonKit.framework in Frameworks */ = {isa = PBXBuildFile; fileRef = 30183F25BA007DD38B7826B7 /* CommonKit.framework */; platformFilter = ios; };
		32F2EDC5C6050E947931F3B7 /* CoreViewKit.framework in Embed Frameworks */ = {isa = PBXBuildFile; fileRef = A6008E7CEB5DBAA85DA0F04E /* CoreViewKit.framework */; platformFilter = ios; settings = {ATTRIBUTES = (CodeSignOnCopy, RemoveHeadersOnCopy, ); }; };
		47EE5B7D9182BAE8B904861A /* Bundle+EnglishCentral-Case.swift in Sources */ = {isa = PBXBuildFile; fileRef = A678EFD40B8965CDC2EB4E59 /* Bundle+EnglishCentral-Case.swift */; };
		4E94E4C7748F88A91FE66AD4 /* Assets.xcassets in Resources */ = {isa = PBXBuildFile; fileRef = FC41CCB066F52BF71B161322 /* Assets.xcassets */; };
		5C9B7223A4A08D7EEEDF0716 /* UILab in Frameworks */ = {isa = PBXBuildFile; productRef = 68999DF28312766A8535696B /* UILab */; };
		5F02B5C70B88B7F75FC1D082 /* AppDelegate.swift in Sources */ = {isa = PBXBuildFile; fileRef = 7BC85FCB4C251A4D510A428E /* AppDelegate.swift */; };
		5FBF022A0ABB1F1DBAD1D7D1 /* DependencyManagerKit.framework in Embed Frameworks */ = {isa = PBXBuildFile; fileRef = 163AFF734C28B76E1707CA56 /* DependencyManagerKit.framework */; platformFilter = ios; settings = {ATTRIBUTES = (CodeSignOnCopy, RemoveHeadersOnCopy, ); }; };
		62F1EF4D16D736E299A6531F /* MapViewKit.framework in Frameworks */ = {isa = PBXBuildFile; fileRef = 8034BE3F081633D7215B8A10 /* MapViewKit.framework */; platformFilter = ios; };
		630F55B9CED275C50BF9A306 /* NLab in Frameworks */ = {isa = PBXBuildFile; productRef = 65C9EE305287296DDB8772E8 /* NLab */; };
		63ABCC7BEB64B1CD3C9A86E3 /* NetworkKit.framework in Frameworks */ = {isa = PBXBuildFile; fileRef = 27720707E0BE185B614ACA12 /* NetworkKit.framework */; platformFilter = ios; };
		66EC9F7D532A601EC4AC1C81 /* DependencyHandler.swift in Sources */ = {isa = PBXBuildFile; fileRef = A46595ADDCD5207DC62C872B /* DependencyHandler.swift */; };
		71F5E392156264467ED67823 /* PersistentManagerKit.framework in Frameworks */ = {isa = PBXBuildFile; fileRef = 34C81110FCBCD99F52C2F646 /* PersistentManagerKit.framework */; platformFilter = ios; };
		7EEFA8B387AEFA0E4F53477C /* Assets+EnglishCentralCase.swift in Sources */ = {isa = PBXBuildFile; fileRef = B1C337261F33876403AD6BA3 /* Assets+EnglishCentralCase.swift */; };
		82172B74D63A9129AAABABB1 /* Plists+EnglishCentralCase.swift in Sources */ = {isa = PBXBuildFile; fileRef = 924D3124A29BC0931A1FF7D2 /* Plists+EnglishCentralCase.swift */; };
		8B71B0AA790D54967C1ACEBB /* LaunchScreen.storyboard in Resources */ = {isa = PBXBuildFile; fileRef = BF9CBB30C25C1C6B957872CC /* LaunchScreen.storyboard */; };
		9C0544FA52AE8481FD272A68 /* CommonKit.framework in Embed Frameworks */ = {isa = PBXBuildFile; fileRef = 30183F25BA007DD38B7826B7 /* CommonKit.framework */; platformFilter = ios; settings = {ATTRIBUTES = (CodeSignOnCopy, RemoveHeadersOnCopy, ); }; };
		A58FC8FD18263DD9D9690853 /* MapViewKit.framework in Embed Frameworks */ = {isa = PBXBuildFile; fileRef = 8034BE3F081633D7215B8A10 /* MapViewKit.framework */; platformFilter = ios; settings = {ATTRIBUTES = (CodeSignOnCopy, RemoveHeadersOnCopy, ); }; };
		B8B489D7D81557DE6FBF61CE /* PersistentManagerKit.framework in Embed Frameworks */ = {isa = PBXBuildFile; fileRef = 34C81110FCBCD99F52C2F646 /* PersistentManagerKit.framework */; platformFilter = ios; settings = {ATTRIBUTES = (CodeSignOnCopy, RemoveHeadersOnCopy, ); }; };
		BFAFB74344A038D6F7FB02AE /* CoreViewKit.framework in Frameworks */ = {isa = PBXBuildFile; fileRef = A6008E7CEB5DBAA85DA0F04E /* CoreViewKit.framework */; platformFilter = ios; };
		C97AA7DDE468BA2DFD1FC3D5 /* HomeModule.framework in Frameworks */ = {isa = PBXBuildFile; fileRef = E44A3F9023FB3351295B80D2 /* HomeModule.framework */; platformFilter = ios; };
		D984DBDED753CE5CCBD83DB3 /* NetworkKit.framework in Embed Frameworks */ = {isa = PBXBuildFile; fileRef = 27720707E0BE185B614ACA12 /* NetworkKit.framework */; platformFilter = ios; settings = {ATTRIBUTES = (CodeSignOnCopy, RemoveHeadersOnCopy, ); }; };
		DD89852C663D59E52E681B92 /* DependencyManagerKit.framework in Frameworks */ = {isa = PBXBuildFile; fileRef = 163AFF734C28B76E1707CA56 /* DependencyManagerKit.framework */; platformFilter = ios; };
		E7568E8475B777CE8755CBA2 /* HomeModule.framework in Embed Frameworks */ = {isa = PBXBuildFile; fileRef = E44A3F9023FB3351295B80D2 /* HomeModule.framework */; platformFilter = ios; settings = {ATTRIBUTES = (CodeSignOnCopy, RemoveHeadersOnCopy, ); }; };
/* End PBXBuildFile section */

/* Begin PBXCopyFilesBuildPhase section */
		2AE03D530D2B5C0A5B7808E4 /* Embed Frameworks */ = {
			isa = PBXCopyFilesBuildPhase;
			buildActionMask = 2147483647;
			dstPath = "";
			dstSubfolderSpec = 10;
			files = (
				9C0544FA52AE8481FD272A68 /* CommonKit.framework in Embed Frameworks */,
				32F2EDC5C6050E947931F3B7 /* CoreViewKit.framework in Embed Frameworks */,
				5FBF022A0ABB1F1DBAD1D7D1 /* DependencyManagerKit.framework in Embed Frameworks */,
				E7568E8475B777CE8755CBA2 /* HomeModule.framework in Embed Frameworks */,
				A58FC8FD18263DD9D9690853 /* MapViewKit.framework in Embed Frameworks */,
				D984DBDED753CE5CCBD83DB3 /* NetworkKit.framework in Embed Frameworks */,
				B8B489D7D81557DE6FBF61CE /* PersistentManagerKit.framework in Embed Frameworks */,
			);
			name = "Embed Frameworks";
			runOnlyForDeploymentPostprocessing = 0;
		};
/* End PBXCopyFilesBuildPhase section */

/* Begin PBXFileReference section */
		163AFF734C28B76E1707CA56 /* DependencyManagerKit.framework */ = {isa = PBXFileReference; explicitFileType = wrapper.framework; includeInIndex = 0; path = DependencyManagerKit.framework; sourceTree = BUILT_PRODUCTS_DIR; };
		27720707E0BE185B614ACA12 /* NetworkKit.framework */ = {isa = PBXFileReference; explicitFileType = wrapper.framework; includeInIndex = 0; path = NetworkKit.framework; sourceTree = BUILT_PRODUCTS_DIR; };
		30183F25BA007DD38B7826B7 /* CommonKit.framework */ = {isa = PBXFileReference; explicitFileType = wrapper.framework; includeInIndex = 0; path = CommonKit.framework; sourceTree = BUILT_PRODUCTS_DIR; };
		34C81110FCBCD99F52C2F646 /* PersistentManagerKit.framework */ = {isa = PBXFileReference; explicitFileType = wrapper.framework; includeInIndex = 0; path = PersistentManagerKit.framework; sourceTree = BUILT_PRODUCTS_DIR; };
		5B9091F73D88F70CCBE73AAF /* EnglishCentral-Case.plist */ = {isa = PBXFileReference; lastKnownFileType = text.plist; path = "EnglishCentral-Case.plist"; sourceTree = "<group>"; };
		66A711845D9D61E3D2F45BF1 /* AppContainer.swift */ = {isa = PBXFileReference; lastKnownFileType = sourcecode.swift; path = AppContainer.swift; sourceTree = "<group>"; };
		75864FD9588CD3213EDC4C67 /* AppRouter.swift */ = {isa = PBXFileReference; lastKnownFileType = sourcecode.swift; path = AppRouter.swift; sourceTree = "<group>"; };
		7BC85FCB4C251A4D510A428E /* AppDelegate.swift */ = {isa = PBXFileReference; lastKnownFileType = sourcecode.swift; path = AppDelegate.swift; sourceTree = "<group>"; };
		8034BE3F081633D7215B8A10 /* MapViewKit.framework */ = {isa = PBXFileReference; explicitFileType = wrapper.framework; includeInIndex = 0; path = MapViewKit.framework; sourceTree = BUILT_PRODUCTS_DIR; };
		924D3124A29BC0931A1FF7D2 /* Plists+EnglishCentralCase.swift */ = {isa = PBXFileReference; lastKnownFileType = sourcecode.swift; path = "Plists+EnglishCentralCase.swift"; sourceTree = "<group>"; };
		A46595ADDCD5207DC62C872B /* DependencyHandler.swift */ = {isa = PBXFileReference; lastKnownFileType = sourcecode.swift; path = DependencyHandler.swift; sourceTree = "<group>"; };
		A6008E7CEB5DBAA85DA0F04E /* CoreViewKit.framework */ = {isa = PBXFileReference; explicitFileType = wrapper.framework; includeInIndex = 0; path = CoreViewKit.framework; sourceTree = BUILT_PRODUCTS_DIR; };
		A678EFD40B8965CDC2EB4E59 /* Bundle+EnglishCentral-Case.swift */ = {isa = PBXFileReference; lastKnownFileType = sourcecode.swift; path = "Bundle+EnglishCentral-Case.swift"; sourceTree = "<group>"; };
		B1C337261F33876403AD6BA3 /* Assets+EnglishCentralCase.swift */ = {isa = PBXFileReference; lastKnownFileType = sourcecode.swift; path = "Assets+EnglishCentralCase.swift"; sourceTree = "<group>"; };
		BA669EBFCDC8276215016135 /* APIKeys.plist */ = {isa = PBXFileReference; lastKnownFileType = text.plist; path = APIKeys.plist; sourceTree = "<group>"; };
		BF9CBB30C25C1C6B957872CC /* LaunchScreen.storyboard */ = {isa = PBXFileReference; lastKnownFileType = file.storyboard; path = LaunchScreen.storyboard; sourceTree = "<group>"; };
		E44A3F9023FB3351295B80D2 /* HomeModule.framework */ = {isa = PBXFileReference; explicitFileType = wrapper.framework; includeInIndex = 0; path = HomeModule.framework; sourceTree = BUILT_PRODUCTS_DIR; };
		F3A2896E3B5BB1DFD6F9B4B7 /* EnglishCentral_Case.app */ = {isa = PBXFileReference; explicitFileType = wrapper.application; includeInIndex = 0; path = EnglishCentral_Case.app; sourceTree = BUILT_PRODUCTS_DIR; };
		FC41CCB066F52BF71B161322 /* Assets.xcassets */ = {isa = PBXFileReference; lastKnownFileType = folder.assetcatalog; path = Assets.xcassets; sourceTree = "<group>"; };
/* End PBXFileReference section */

/* Begin PBXFrameworksBuildPhase section */
		DF40EE7ADD24CD6D08A6A400 /* Frameworks */ = {
			isa = PBXFrameworksBuildPhase;
			buildActionMask = 2147483647;
			files = (
				2E1E04060E45050F760EFCAD /* CommonKit.framework in Frameworks */,
				BFAFB74344A038D6F7FB02AE /* CoreViewKit.framework in Frameworks */,
				DD89852C663D59E52E681B92 /* DependencyManagerKit.framework in Frameworks */,
				C97AA7DDE468BA2DFD1FC3D5 /* HomeModule.framework in Frameworks */,
				62F1EF4D16D736E299A6531F /* MapViewKit.framework in Frameworks */,
				63ABCC7BEB64B1CD3C9A86E3 /* NetworkKit.framework in Frameworks */,
				71F5E392156264467ED67823 /* PersistentManagerKit.framework in Frameworks */,
				630F55B9CED275C50BF9A306 /* NLab in Frameworks */,
				5C9B7223A4A08D7EEEDF0716 /* UILab in Frameworks */,
			);
			runOnlyForDeploymentPostprocessing = 0;
		};
/* End PBXFrameworksBuildPhase section */

/* Begin PBXGroup section */
		0460F469083A7F3D8BA3E4C4 /* Project */ = {
			isa = PBXGroup;
			children = (
				1AF67F8D9CD95BFA9924D2C7 /* Derived */,
				5ADAFE49456ADFB6D32944F7 /* EnglishCentral-Case */,
				BA669EBFCDC8276215016135 /* APIKeys.plist */,
			);
			name = Project;
			sourceTree = "<group>";
		};
		13EE78566AB4BCDD1463BBF1 = {
			isa = PBXGroup;
			children = (
				0460F469083A7F3D8BA3E4C4 /* Project */,
				1B13CC1D1DBCCBE626E841F7 /* Frameworks */,
				20EB2AD7DACA603C6E522CF8 /* Products */,
			);
			sourceTree = "<group>";
		};
		1AF67F8D9CD95BFA9924D2C7 /* Derived */ = {
			isa = PBXGroup;
			children = (
				E7D6E2F00FFE5929F290B3B0 /* InfoPlists */,
				2141479EC2C99954ADD2DEFD /* Sources */,
			);
			path = Derived;
			sourceTree = "<group>";
		};
		1B13CC1D1DBCCBE626E841F7 /* Frameworks */ = {
			isa = PBXGroup;
			children = (
			);
			name = Frameworks;
			sourceTree = "<group>";
		};
		20EB2AD7DACA603C6E522CF8 /* Products */ = {
			isa = PBXGroup;
			children = (
				30183F25BA007DD38B7826B7 /* CommonKit.framework */,
				A6008E7CEB5DBAA85DA0F04E /* CoreViewKit.framework */,
				163AFF734C28B76E1707CA56 /* DependencyManagerKit.framework */,
				F3A2896E3B5BB1DFD6F9B4B7 /* EnglishCentral_Case.app */,
				E44A3F9023FB3351295B80D2 /* HomeModule.framework */,
				8034BE3F081633D7215B8A10 /* MapViewKit.framework */,
				27720707E0BE185B614ACA12 /* NetworkKit.framework */,
				34C81110FCBCD99F52C2F646 /* PersistentManagerKit.framework */,
			);
			name = Products;
			sourceTree = "<group>";
		};
		2141479EC2C99954ADD2DEFD /* Sources */ = {
			isa = PBXGroup;
			children = (
				B1C337261F33876403AD6BA3 /* Assets+EnglishCentralCase.swift */,
				A678EFD40B8965CDC2EB4E59 /* Bundle+EnglishCentral-Case.swift */,
				924D3124A29BC0931A1FF7D2 /* Plists+EnglishCentralCase.swift */,
			);
			path = Sources;
			sourceTree = "<group>";
		};
		5ADAFE49456ADFB6D32944F7 /* EnglishCentral-Case */ = {
			isa = PBXGroup;
			children = (
				C3D51C2CB65CBA35EEC166C5 /* App */,
				F2F4B829EC22615B2411FF2E /* Resources */,
			);
			path = "EnglishCentral-Case";
			sourceTree = "<group>";
		};
		C3D51C2CB65CBA35EEC166C5 /* App */ = {
			isa = PBXGroup;
			children = (
				66A711845D9D61E3D2F45BF1 /* AppContainer.swift */,
				7BC85FCB4C251A4D510A428E /* AppDelegate.swift */,
				75864FD9588CD3213EDC4C67 /* AppRouter.swift */,
				A46595ADDCD5207DC62C872B /* DependencyHandler.swift */,
			);
			path = App;
			sourceTree = "<group>";
		};
		E7D6E2F00FFE5929F290B3B0 /* InfoPlists */ = {
			isa = PBXGroup;
			children = (
				5B9091F73D88F70CCBE73AAF /* EnglishCentral-Case.plist */,
			);
			path = InfoPlists;
			sourceTree = "<group>";
		};
		F2F4B829EC22615B2411FF2E /* Resources */ = {
			isa = PBXGroup;
			children = (
				FC41CCB066F52BF71B161322 /* Assets.xcassets */,
				BF9CBB30C25C1C6B957872CC /* LaunchScreen.storyboard */,
			);
			path = Resources;
			sourceTree = "<group>";
		};
/* End PBXGroup section */

/* Begin PBXNativeTarget section */
		3803BC2579EB788218F63BBE /* EnglishCentral-Case */ = {
			isa = PBXNativeTarget;
			buildConfigurationList = D42906FE2E6693A52873787A /* Build configuration list for PBXNativeTarget "EnglishCentral-Case" */;
			buildPhases = (
				8D2435760B49A75260FD2371 /* Sources */,
				AD328630D925C02C1793B23C /* Resources */,
				E7EB4258B1C515EFBA004024 /* Embed Precompiled Frameworks */,
				2AE03D530D2B5C0A5B7808E4 /* Embed Frameworks */,
				DF40EE7ADD24CD6D08A6A400 /* Frameworks */,
			);
			buildRules = (
			);
			dependencies = (
			);
			name = "EnglishCentral-Case";
			packageProductDependencies = (
				65C9EE305287296DDB8772E8 /* NLab */,
				68999DF28312766A8535696B /* UILab */,
			);
			productName = EnglishCentral_Case;
			productReference = F3A2896E3B5BB1DFD6F9B4B7 /* EnglishCentral_Case.app */;
			productType = "com.apple.product-type.application";
		};
/* End PBXNativeTarget section */

/* Begin PBXProject section */
		0DCA175B2B4132FC767A218F /* Project object */ = {
			isa = PBXProject;
			attributes = {
				ORGANIZATIONNAME = "com.yasinkbas.EnglishCentral-Case";
			};
			buildConfigurationList = 197E936ED643B404C250487D /* Build configuration list for PBXProject "EnglishCentral-Case" */;
			compatibilityVersion = "Xcode 9.3";
			developmentRegion = en;
			hasScannedForEncodings = 0;
			knownRegions = (
				Base,
				en,
			);
			mainGroup = 13EE78566AB4BCDD1463BBF1;
			packageReferences = (
				66CD7379708590E387519516 /* XCRemoteSwiftPackageReference "NLab" */,
				25F917FF6C4AB1C2F1632EE1 /* XCRemoteSwiftPackageReference "UILab" */,
			);
			productRefGroup = 20EB2AD7DACA603C6E522CF8 /* Products */;
			projectDirPath = "";
			projectRoot = "";
			targets = (
				3803BC2579EB788218F63BBE /* EnglishCentral-Case */,
			);
		};
/* End PBXProject section */

/* Begin PBXResourcesBuildPhase section */
		AD328630D925C02C1793B23C /* Resources */ = {
			isa = PBXResourcesBuildPhase;
			buildActionMask = 2147483647;
			files = (
				1EE6A23252CAD14AB262894F /* APIKeys.plist in Resources */,
				4E94E4C7748F88A91FE66AD4 /* Assets.xcassets in Resources */,
				8B71B0AA790D54967C1ACEBB /* LaunchScreen.storyboard in Resources */,
			);
			runOnlyForDeploymentPostprocessing = 0;
		};
/* End PBXResourcesBuildPhase section */

/* Begin PBXShellScriptBuildPhase section */
		E7EB4258B1C515EFBA004024 /* Embed Precompiled Frameworks */ = {
			isa = PBXShellScriptBuildPhase;
			buildActionMask = 2147483647;
			files = (
			);
			inputPaths = (
			);
			name = "Embed Precompiled Frameworks";
			outputPaths = (
			);
			runOnlyForDeploymentPostprocessing = 0;
			shellPath = /bin/sh;
			shellScript = "echo \"Skipping, nothing to be embedded.\"";
		};
/* End PBXShellScriptBuildPhase section */

/* Begin PBXSourcesBuildPhase section */
		8D2435760B49A75260FD2371 /* Sources */ = {
			isa = PBXSourcesBuildPhase;
			buildActionMask = 2147483647;
			files = (
				7EEFA8B387AEFA0E4F53477C /* Assets+EnglishCentralCase.swift in Sources */,
				47EE5B7D9182BAE8B904861A /* Bundle+EnglishCentral-Case.swift in Sources */,
				82172B74D63A9129AAABABB1 /* Plists+EnglishCentralCase.swift in Sources */,
				05F636A5D33061319826DC9B /* AppContainer.swift in Sources */,
				5F02B5C70B88B7F75FC1D082 /* AppDelegate.swift in Sources */,
				11F0A7B13D7E43C032CCA7F4 /* AppRouter.swift in Sources */,
				66EC9F7D532A601EC4AC1C81 /* DependencyHandler.swift in Sources */,
			);
			runOnlyForDeploymentPostprocessing = 0;
		};
/* End PBXSourcesBuildPhase section */

/* Begin XCBuildConfiguration section */
		4F2998E5C92EE873AC19F8B9 /* Debug */ = {
			isa = XCBuildConfiguration;
			buildSettings = {
				ALWAYS_SEARCH_USER_PATHS = NO;
				CLANG_ANALYZER_LOCALIZABILITY_NONLOCALIZED = YES;
				CLANG_ANALYZER_NONNULL = YES;
				CLANG_ANALYZER_NUMBER_OBJECT_CONVERSION = YES_AGGRESSIVE;
				CLANG_CXX_LANGUAGE_STANDARD = "gnu++14";
				CLANG_CXX_LIBRARY = "libc++";
				CLANG_ENABLE_MODULES = YES;
				CLANG_ENABLE_OBJC_ARC = YES;
				CLANG_ENABLE_OBJC_WEAK = YES;
				CLANG_WARN_BLOCK_CAPTURE_AUTORELEASING = YES;
				CLANG_WARN_BOOL_CONVERSION = YES;
				CLANG_WARN_COMMA = YES;
				CLANG_WARN_CONSTANT_CONVERSION = YES;
				CLANG_WARN_DEPRECATED_OBJC_IMPLEMENTATIONS = YES;
				CLANG_WARN_DIRECT_OBJC_ISA_USAGE = YES_ERROR;
				CLANG_WARN_DOCUMENTATION_COMMENTS = YES;
				CLANG_WARN_EMPTY_BODY = YES;
				CLANG_WARN_ENUM_CONVERSION = YES;
				CLANG_WARN_INFINITE_RECURSION = YES;
				CLANG_WARN_INT_CONVERSION = YES;
				CLANG_WARN_NON_LITERAL_NULL_CONVERSION = YES;
				CLANG_WARN_OBJC_IMPLICIT_RETAIN_SELF = YES;
				CLANG_WARN_OBJC_LITERAL_CONVERSION = YES;
				CLANG_WARN_OBJC_ROOT_CLASS = YES_ERROR;
				CLANG_WARN_QUOTED_INCLUDE_IN_FRAMEWORK_HEADER = YES;
				CLANG_WARN_RANGE_LOOP_ANALYSIS = YES;
				CLANG_WARN_STRICT_PROTOTYPES = YES;
				CLANG_WARN_SUSPICIOUS_MOVE = YES;
				CLANG_WARN_UNGUARDED_AVAILABILITY = YES_AGGRESSIVE;
				CLANG_WARN_UNREACHABLE_CODE = YES;
				CLANG_WARN__DUPLICATE_METHOD_MATCH = YES;
				COPY_PHASE_STRIP = NO;
				DEBUG_INFORMATION_FORMAT = dwarf;
				ENABLE_STRICT_OBJC_MSGSEND = YES;
				ENABLE_TESTABILITY = YES;
				GCC_C_LANGUAGE_STANDARD = gnu11;
				GCC_DYNAMIC_NO_PIC = NO;
				GCC_NO_COMMON_BLOCKS = YES;
				GCC_OPTIMIZATION_LEVEL = 0;
				GCC_PREPROCESSOR_DEFINITIONS = (
					"DEBUG=1",
					"$(inherited)",
				);
				GCC_WARN_64_TO_32_BIT_CONVERSION = YES;
				GCC_WARN_ABOUT_RETURN_TYPE = YES_ERROR;
				GCC_WARN_UNDECLARED_SELECTOR = YES;
				GCC_WARN_UNINITIALIZED_AUTOS = YES_AGGRESSIVE;
				GCC_WARN_UNUSED_FUNCTION = YES;
				GCC_WARN_UNUSED_VARIABLE = YES;
				MTL_ENABLE_DEBUG_INFO = YES;
				ONLY_ACTIVE_ARCH = YES;
				PRODUCT_NAME = "$(TARGET_NAME)";
			};
			name = Debug;
		};
		72F10F4E36F5D6D5ECC7D30C /* Debug */ = {
			isa = XCBuildConfiguration;
			buildSettings = {
				ASSETCATALOG_COMPILER_APPICON_NAME = AppIcon;
				CODE_SIGN_IDENTITY = "iPhone Developer";
				ENABLE_PREVIEWS = YES;
				INFOPLIST_FILE = "Derived/InfoPlists/EnglishCentral-Case.plist";
				IPHONEOS_DEPLOYMENT_TARGET = 16.0;
				LD_RUNPATH_SEARCH_PATHS = (
					"$(inherited)",
					"@executable_path/Frameworks",
				);
				PRODUCT_BUNDLE_IDENTIFIER = "com.yasinkbas.EnglishCentral-Case";
				PRODUCT_NAME = EnglishCentral_Case;
				SDKROOT = iphoneos;
				SUPPORTED_PLATFORMS = "iphonesimulator iphoneos";
				SWIFT_ACTIVE_COMPILATION_CONDITIONS = DEBUG;
				SWIFT_COMPILATION_MODE = singlefile;
				SWIFT_OPTIMIZATION_LEVEL = "-Onone";
				SWIFT_VERSION = 5.0;
				TARGETED_DEVICE_FAMILY = 1;
			};
			name = Debug;
		};
		8B8FECC90683D3E286A221B9 /* Release */ = {
			isa = XCBuildConfiguration;
			buildSettings = {
				ALWAYS_SEARCH_USER_PATHS = NO;
				CLANG_ANALYZER_LOCALIZABILITY_NONLOCALIZED = YES;
				CLANG_ANALYZER_NONNULL = YES;
				CLANG_ANALYZER_NUMBER_OBJECT_CONVERSION = YES_AGGRESSIVE;
				CLANG_CXX_LANGUAGE_STANDARD = "gnu++14";
				CLANG_CXX_LIBRARY = "libc++";
				CLANG_ENABLE_MODULES = YES;
				CLANG_ENABLE_OBJC_ARC = YES;
				CLANG_ENABLE_OBJC_WEAK = YES;
				CLANG_WARN_BLOCK_CAPTURE_AUTORELEASING = YES;
				CLANG_WARN_BOOL_CONVERSION = YES;
				CLANG_WARN_COMMA = YES;
				CLANG_WARN_CONSTANT_CONVERSION = YES;
				CLANG_WARN_DEPRECATED_OBJC_IMPLEMENTATIONS = YES;
				CLANG_WARN_DIRECT_OBJC_ISA_USAGE = YES_ERROR;
				CLANG_WARN_DOCUMENTATION_COMMENTS = YES;
				CLANG_WARN_EMPTY_BODY = YES;
				CLANG_WARN_ENUM_CONVERSION = YES;
				CLANG_WARN_INFINITE_RECURSION = YES;
				CLANG_WARN_INT_CONVERSION = YES;
				CLANG_WARN_NON_LITERAL_NULL_CONVERSION = YES;
				CLANG_WARN_OBJC_IMPLICIT_RETAIN_SELF = YES;
				CLANG_WARN_OBJC_LITERAL_CONVERSION = YES;
				CLANG_WARN_OBJC_ROOT_CLASS = YES_ERROR;
				CLANG_WARN_QUOTED_INCLUDE_IN_FRAMEWORK_HEADER = YES;
				CLANG_WARN_RANGE_LOOP_ANALYSIS = YES;
				CLANG_WARN_STRICT_PROTOTYPES = YES;
				CLANG_WARN_SUSPICIOUS_MOVE = YES;
				CLANG_WARN_UNGUARDED_AVAILABILITY = YES_AGGRESSIVE;
				CLANG_WARN_UNREACHABLE_CODE = YES;
				CLANG_WARN__DUPLICATE_METHOD_MATCH = YES;
				COPY_PHASE_STRIP = NO;
				DEBUG_INFORMATION_FORMAT = "dwarf-with-dsym";
				ENABLE_NS_ASSERTIONS = NO;
				ENABLE_STRICT_OBJC_MSGSEND = YES;
				GCC_C_LANGUAGE_STANDARD = gnu11;
				GCC_NO_COMMON_BLOCKS = YES;
				GCC_WARN_64_TO_32_BIT_CONVERSION = YES;
				GCC_WARN_ABOUT_RETURN_TYPE = YES_ERROR;
				GCC_WARN_UNDECLARED_SELECTOR = YES;
				GCC_WARN_UNINITIALIZED_AUTOS = YES_AGGRESSIVE;
				GCC_WARN_UNUSED_FUNCTION = YES;
				GCC_WARN_UNUSED_VARIABLE = YES;
				MTL_ENABLE_DEBUG_INFO = NO;
				PRODUCT_NAME = "$(TARGET_NAME)";
				VALIDATE_PRODUCT = YES;
			};
			name = Release;
		};
		DBA7E06A3DE3AFB9EB25891F /* Release */ = {
			isa = XCBuildConfiguration;
			buildSettings = {
				ASSETCATALOG_COMPILER_APPICON_NAME = AppIcon;
				CODE_SIGN_IDENTITY = "iPhone Developer";
				ENABLE_PREVIEWS = YES;
				INFOPLIST_FILE = "Derived/InfoPlists/EnglishCentral-Case.plist";
				IPHONEOS_DEPLOYMENT_TARGET = 16.0;
				LD_RUNPATH_SEARCH_PATHS = (
					"$(inherited)",
					"@executable_path/Frameworks",
				);
				PRODUCT_BUNDLE_IDENTIFIER = "com.yasinkbas.EnglishCentral-Case";
				PRODUCT_NAME = EnglishCentral_Case;
				SDKROOT = iphoneos;
				SUPPORTED_PLATFORMS = "iphonesimulator iphoneos";
				SWIFT_COMPILATION_MODE = wholemodule;
				SWIFT_OPTIMIZATION_LEVEL = "-Owholemodule";
				SWIFT_VERSION = 5.0;
				TARGETED_DEVICE_FAMILY = 1;
			};
			name = Release;
		};
/* End XCBuildConfiguration section */

/* Begin XCConfigurationList section */
		197E936ED643B404C250487D /* Build configuration list for PBXProject "EnglishCentral-Case" */ = {
			isa = XCConfigurationList;
			buildConfigurations = (
				4F2998E5C92EE873AC19F8B9 /* Debug */,
				8B8FECC90683D3E286A221B9 /* Release */,
			);
			defaultConfigurationIsVisible = 0;
			defaultConfigurationName = Release;
		};
		D42906FE2E6693A52873787A /* Build configuration list for PBXNativeTarget "EnglishCentral-Case" */ = {
			isa = XCConfigurationList;
			buildConfigurations = (
				72F10F4E36F5D6D5ECC7D30C /* Debug */,
				DBA7E06A3DE3AFB9EB25891F /* Release */,
			);
			defaultConfigurationIsVisible = 0;
			defaultConfigurationName = Release;
		};
/* End XCConfigurationList section */

/* Begin XCRemoteSwiftPackageReference section */
		25F917FF6C4AB1C2F1632EE1 /* XCRemoteSwiftPackageReference "UILab" */ = {
			isa = XCRemoteSwiftPackageReference;
			repositoryURL = "https://github.com/yasinkbas/UILab.git";
			requirement = {
				kind = upToNextMajorVersion;
				minimumVersion = 0.3.3;
			};
		};
		66CD7379708590E387519516 /* XCRemoteSwiftPackageReference "NLab" */ = {
			isa = XCRemoteSwiftPackageReference;
			repositoryURL = "https://github.com/yasinkbas/NLab.git";
			requirement = {
				kind = upToNextMajorVersion;
				minimumVersion = 1.1.1;
			};
		};
/* End XCRemoteSwiftPackageReference section */

/* Begin XCSwiftPackageProductDependency section */
		65C9EE305287296DDB8772E8 /* NLab */ = {
			isa = XCSwiftPackageProductDependency;
			productName = NLab;
		};
		68999DF28312766A8535696B /* UILab */ = {
			isa = XCSwiftPackageProductDependency;
			productName = UILab;
		};
/* End XCSwiftPackageProductDependency section */
	};
	rootObject = 0DCA175B2B4132FC767A218F /* Project object */;
}
