// !$*UTF8*$!
{
	archiveVersion = 1;
	classes = {
	};
	objectVersion = 52;
	objects = {

/* Begin PBXBuildFile section */
		2D0EA812A5B57DE8E81A6B98 /* ViewController.swift in Sources */ = {isa = PBXBuildFile; fileRef = 506636500050268FE0231DF1 /* ViewController.swift */; };
		2E1E04060E45050F760EFCAD /* CommonKit.framework in Frameworks */ = {isa = PBXBuildFile; fileRef = 30183F25BA007DD38B7826B7 /* CommonKit.framework */; };
		47EE5B7D9182BAE8B904861A /* Bundle+EnglishCentral-Case.swift in Sources */ = {isa = PBXBuildFile; fileRef = A678EFD40B8965CDC2EB4E59 /* Bundle+EnglishCentral-Case.swift */; };
		4E94E4C7748F88A91FE66AD4 /* Assets.xcassets in Resources */ = {isa = PBXBuildFile; fileRef = FC41CCB066F52BF71B161322 /* Assets.xcassets */; };
		5C9B7223A4A08D7EEEDF0716 /* UILab in Frameworks */ = {isa = PBXBuildFile; productRef = 68999DF28312766A8535696B /* UILab */; };
		630F55B9CED275C50BF9A306 /* NLab in Frameworks */ = {isa = PBXBuildFile; productRef = 65C9EE305287296DDB8772E8 /* NLab */; };
		7EEFA8B387AEFA0E4F53477C /* Assets+EnglishCentralCase.swift in Sources */ = {isa = PBXBuildFile; fileRef = B1C337261F33876403AD6BA3 /* Assets+EnglishCentralCase.swift */; };
		8B71B0AA790D54967C1ACEBB /* LaunchScreen.storyboard in Resources */ = {isa = PBXBuildFile; fileRef = BF9CBB30C25C1C6B957872CC /* LaunchScreen.storyboard */; };
		9C0544FA52AE8481FD272A68 /* CommonKit.framework in Embed Frameworks */ = {isa = PBXBuildFile; fileRef = 30183F25BA007DD38B7826B7 /* CommonKit.framework */; settings = {ATTRIBUTES = (CodeSignOnCopy, RemoveHeadersOnCopy, ); }; };
		A19444714687EB354EE54A13 /* AppDelegate.swift in Sources */ = {isa = PBXBuildFile; fileRef = 60B781098C4E54298A613B35 /* AppDelegate.swift */; };
/* End PBXBuildFile section */

/* Begin PBXCopyFilesBuildPhase section */
		2AE03D530D2B5C0A5B7808E4 /* Embed Frameworks */ = {
			isa = PBXCopyFilesBuildPhase;
			buildActionMask = 2147483647;
			dstPath = "";
			dstSubfolderSpec = 10;
			files = (
				9C0544FA52AE8481FD272A68 /* CommonKit.framework in Embed Frameworks */,
			);
			name = "Embed Frameworks";
			runOnlyForDeploymentPostprocessing = 0;
		};
/* End PBXCopyFilesBuildPhase section */

/* Begin PBXFileReference section */
		30183F25BA007DD38B7826B7 /* CommonKit.framework */ = {isa = PBXFileReference; explicitFileType = wrapper.framework; includeInIndex = 0; path = CommonKit.framework; sourceTree = BUILT_PRODUCTS_DIR; };
		3C8472DD6D207F53E7029737 /* EnglishCentral-CaseTarget.xcconfig */ = {isa = PBXFileReference; lastKnownFileType = text.xcconfig; path = "EnglishCentral-CaseTarget.xcconfig"; sourceTree = "<group>"; };
		506636500050268FE0231DF1 /* ViewController.swift */ = {isa = PBXFileReference; lastKnownFileType = sourcecode.swift; path = ViewController.swift; sourceTree = "<group>"; };
		5B9091F73D88F70CCBE73AAF /* EnglishCentral-Case.plist */ = {isa = PBXFileReference; lastKnownFileType = text.plist; path = "EnglishCentral-Case.plist"; sourceTree = "<group>"; };
		60B781098C4E54298A613B35 /* AppDelegate.swift */ = {isa = PBXFileReference; lastKnownFileType = sourcecode.swift; path = AppDelegate.swift; sourceTree = "<group>"; };
		85440A5D75D4CF465883047E /* EnglishCentral-CaseProject.xcconfig */ = {isa = PBXFileReference; lastKnownFileType = text.xcconfig; path = "EnglishCentral-CaseProject.xcconfig"; sourceTree = "<group>"; };
		A678EFD40B8965CDC2EB4E59 /* Bundle+EnglishCentral-Case.swift */ = {isa = PBXFileReference; lastKnownFileType = sourcecode.swift; path = "Bundle+EnglishCentral-Case.swift"; sourceTree = "<group>"; };
		B1C337261F33876403AD6BA3 /* Assets+EnglishCentralCase.swift */ = {isa = PBXFileReference; lastKnownFileType = sourcecode.swift; path = "Assets+EnglishCentralCase.swift"; sourceTree = "<group>"; };
		BF9CBB30C25C1C6B957872CC /* LaunchScreen.storyboard */ = {isa = PBXFileReference; lastKnownFileType = file.storyboard; path = LaunchScreen.storyboard; sourceTree = "<group>"; };
		F3A2896E3B5BB1DFD6F9B4B7 /* EnglishCentral_Case.app */ = {isa = PBXFileReference; explicitFileType = wrapper.application; includeInIndex = 0; path = EnglishCentral_Case.app; sourceTree = BUILT_PRODUCTS_DIR; };
		FC41CCB066F52BF71B161322 /* Assets.xcassets */ = {isa = PBXFileReference; lastKnownFileType = folder.assetcatalog; path = Assets.xcassets; sourceTree = "<group>"; };
/* End PBXFileReference section */

/* Begin PBXFrameworksBuildPhase section */
		DF40EE7ADD24CD6D08A6A400 /* Frameworks */ = {
			isa = PBXFrameworksBuildPhase;
			buildActionMask = 2147483647;
			files = (
				2E1E04060E45050F760EFCAD /* CommonKit.framework in Frameworks */,
				630F55B9CED275C50BF9A306 /* NLab in Frameworks */,
				5C9B7223A4A08D7EEEDF0716 /* UILab in Frameworks */,
			);
			runOnlyForDeploymentPostprocessing = 0;
		};
/* End PBXFrameworksBuildPhase section */

/* Begin PBXGroup section */
		0460F469083A7F3D8BA3E4C4 /* Project */ = {
			isa = PBXGroup;
			children = (
				FCA5271ADC47A70D72503F01 /* configs */,
				1AF67F8D9CD95BFA9924D2C7 /* Derived */,
				5ADAFE49456ADFB6D32944F7 /* EnglishCentral-Case */,
			);
			name = Project;
			sourceTree = "<group>";
		};
		13EE78566AB4BCDD1463BBF1 = {
			isa = PBXGroup;
			children = (
				0460F469083A7F3D8BA3E4C4 /* Project */,
				1B13CC1D1DBCCBE626E841F7 /* Frameworks */,
				20EB2AD7DACA603C6E522CF8 /* Products */,
			);
			sourceTree = "<group>";
		};
		1AF67F8D9CD95BFA9924D2C7 /* Derived */ = {
			isa = PBXGroup;
			children = (
				E7D6E2F00FFE5929F290B3B0 /* InfoPlists */,
				2141479EC2C99954ADD2DEFD /* Sources */,
			);
			path = Derived;
			sourceTree = "<group>";
		};
		1B13CC1D1DBCCBE626E841F7 /* Frameworks */ = {
			isa = PBXGroup;
			children = (
			);
			name = Frameworks;
			sourceTree = "<group>";
		};
		20EB2AD7DACA603C6E522CF8 /* Products */ = {
			isa = PBXGroup;
			children = (
				30183F25BA007DD38B7826B7 /* CommonKit.framework */,
				F3A2896E3B5BB1DFD6F9B4B7 /* EnglishCentral_Case.app */,
			);
			name = Products;
			sourceTree = "<group>";
		};
		2141479EC2C99954ADD2DEFD /* Sources */ = {
			isa = PBXGroup;
			children = (
				B1C337261F33876403AD6BA3 /* Assets+EnglishCentralCase.swift */,
				A678EFD40B8965CDC2EB4E59 /* Bundle+EnglishCentral-Case.swift */,
			);
			path = Sources;
			sourceTree = "<group>";
		};
		5ADAFE49456ADFB6D32944F7 /* EnglishCentral-Case */ = {
			isa = PBXGroup;
			children = (
				F2F4B829EC22615B2411FF2E /* Resources */,
				60B781098C4E54298A613B35 /* AppDelegate.swift */,
				506636500050268FE0231DF1 /* ViewController.swift */,
			);
			path = "EnglishCentral-Case";
			sourceTree = "<group>";
		};
		E7D6E2F00FFE5929F290B3B0 /* InfoPlists */ = {
			isa = PBXGroup;
			children = (
				5B9091F73D88F70CCBE73AAF /* EnglishCentral-Case.plist */,
			);
			path = InfoPlists;
			sourceTree = "<group>";
		};
		F2F4B829EC22615B2411FF2E /* Resources */ = {
			isa = PBXGroup;
			children = (
				FC41CCB066F52BF71B161322 /* Assets.xcassets */,
				BF9CBB30C25C1C6B957872CC /* LaunchScreen.storyboard */,
			);
			path = Resources;
			sourceTree = "<group>";
		};
		FCA5271ADC47A70D72503F01 /* configs */ = {
			isa = PBXGroup;
			children = (
				85440A5D75D4CF465883047E /* EnglishCentral-CaseProject.xcconfig */,
				3C8472DD6D207F53E7029737 /* EnglishCentral-CaseTarget.xcconfig */,
			);
			path = configs;
			sourceTree = "<group>";
		};
/* End PBXGroup section */

/* Begin PBXNativeTarget section */
		3803BC2579EB788218F63BBE /* EnglishCentral-Case */ = {
			isa = PBXNativeTarget;
			buildConfigurationList = D42906FE2E6693A52873787A /* Build configuration list for PBXNativeTarget "EnglishCentral-Case" */;
			buildPhases = (
				8D2435760B49A75260FD2371 /* Sources */,
				AD328630D925C02C1793B23C /* Resources */,
				E7EB4258B1C515EFBA004024 /* Embed Precompiled Frameworks */,
				2AE03D530D2B5C0A5B7808E4 /* Embed Frameworks */,
				DF40EE7ADD24CD6D08A6A400 /* Frameworks */,
			);
			buildRules = (
			);
			dependencies = (
			);
			name = "EnglishCentral-Case";
			packageProductDependencies = (
				65C9EE305287296DDB8772E8 /* NLab */,
				68999DF28312766A8535696B /* UILab */,
			);
			productName = EnglishCentral_Case;
			productReference = F3A2896E3B5BB1DFD6F9B4B7 /* EnglishCentral_Case.app */;
			productType = "com.apple.product-type.application";
		};
/* End PBXNativeTarget section */

/* Begin PBXProject section */
		0DCA175B2B4132FC767A218F /* Project object */ = {
			isa = PBXProject;
			attributes = {
				ORGANIZATIONNAME = "com.yasinkbas.EnglishCentral-Case";
				TargetAttributes = {
				};
			};
			buildConfigurationList = 197E936ED643B404C250487D /* Build configuration list for PBXProject "EnglishCentral-Case" */;
			compatibilityVersion = "Xcode 9.3";
			developmentRegion = en;
			hasScannedForEncodings = 0;
			knownRegions = (
				Base,
				en,
			);
			mainGroup = 13EE78566AB4BCDD1463BBF1;
			packageReferences = (
				66CD7379708590E387519516 /* XCRemoteSwiftPackageReference "NLab" */,
				25F917FF6C4AB1C2F1632EE1 /* XCRemoteSwiftPackageReference "UILab" */,
			);
			productRefGroup = 20EB2AD7DACA603C6E522CF8 /* Products */;
			projectDirPath = "";
			projectRoot = "";
			targets = (
				3803BC2579EB788218F63BBE /* EnglishCentral-Case */,
			);
		};
/* End PBXProject section */

/* Begin PBXResourcesBuildPhase section */
		AD328630D925C02C1793B23C /* Resources */ = {
			isa = PBXResourcesBuildPhase;
			buildActionMask = 2147483647;
			files = (
				4E94E4C7748F88A91FE66AD4 /* Assets.xcassets in Resources */,
				8B71B0AA790D54967C1ACEBB /* LaunchScreen.storyboard in Resources */,
			);
			runOnlyForDeploymentPostprocessing = 0;
		};
/* End PBXResourcesBuildPhase section */

/* Begin PBXShellScriptBuildPhase section */
		E7EB4258B1C515EFBA004024 /* Embed Precompiled Frameworks */ = {
			isa = PBXShellScriptBuildPhase;
			buildActionMask = 2147483647;
			files = (
			);
			inputPaths = (
			);
			name = "Embed Precompiled Frameworks";
			outputPaths = (
			);
			runOnlyForDeploymentPostprocessing = 0;
			shellPath = /bin/sh;
			shellScript = "echo \"Skipping, nothing to be embedded.\"";
		};
/* End PBXShellScriptBuildPhase section */

/* Begin PBXSourcesBuildPhase section */
		8D2435760B49A75260FD2371 /* Sources */ = {
			isa = PBXSourcesBuildPhase;
			buildActionMask = 2147483647;
			files = (
				7EEFA8B387AEFA0E4F53477C /* Assets+EnglishCentralCase.swift in Sources */,
				47EE5B7D9182BAE8B904861A /* Bundle+EnglishCentral-Case.swift in Sources */,
				A19444714687EB354EE54A13 /* AppDelegate.swift in Sources */,
				2D0EA812A5B57DE8E81A6B98 /* ViewController.swift in Sources */,
			);
			runOnlyForDeploymentPostprocessing = 0;
		};
/* End PBXSourcesBuildPhase section */

/* Begin XCBuildConfiguration section */
		4F2998E5C92EE873AC19F8B9 /* Debug */ = {
			isa = XCBuildConfiguration;
			baseConfigurationReference = 85440A5D75D4CF465883047E /* EnglishCentral-CaseProject.xcconfig */;
			buildSettings = {
			};
			name = Debug;
		};
		72F10F4E36F5D6D5ECC7D30C /* Debug */ = {
			isa = XCBuildConfiguration;
			baseConfigurationReference = 3C8472DD6D207F53E7029737 /* EnglishCentral-CaseTarget.xcconfig */;
			buildSettings = {
				INFOPLIST_FILE = "Derived/InfoPlists/EnglishCentral-Case.plist";
				PRODUCT_BUNDLE_IDENTIFIER = "com.yasinkbas.EnglishCentral-Case";
				PRODUCT_NAME = EnglishCentral_Case;
				SDKROOT = iphoneos;
				SUPPORTED_PLATFORMS = "iphonesimulator iphoneos";
				SWIFT_VERSION = 5.7;
			};
			name = Debug;
		};
		8B8FECC90683D3E286A221B9 /* Release */ = {
			isa = XCBuildConfiguration;
			baseConfigurationReference = 85440A5D75D4CF465883047E /* EnglishCentral-CaseProject.xcconfig */;
			buildSettings = {
			};
			name = Release;
		};
		DBA7E06A3DE3AFB9EB25891F /* Release */ = {
			isa = XCBuildConfiguration;
			baseConfigurationReference = 3C8472DD6D207F53E7029737 /* EnglishCentral-CaseTarget.xcconfig */;
			buildSettings = {
				INFOPLIST_FILE = "Derived/InfoPlists/EnglishCentral-Case.plist";
				PRODUCT_BUNDLE_IDENTIFIER = "com.yasinkbas.EnglishCentral-Case";
				PRODUCT_NAME = EnglishCentral_Case;
				SDKROOT = iphoneos;
				SUPPORTED_PLATFORMS = "iphonesimulator iphoneos";
				SWIFT_VERSION = 5.7;
			};
			name = Release;
		};
/* End XCBuildConfiguration section */

/* Begin XCConfigurationList section */
		197E936ED643B404C250487D /* Build configuration list for PBXProject "EnglishCentral-Case" */ = {
			isa = XCConfigurationList;
			buildConfigurations = (
				4F2998E5C92EE873AC19F8B9 /* Debug */,
				8B8FECC90683D3E286A221B9 /* Release */,
			);
			defaultConfigurationIsVisible = 0;
			defaultConfigurationName = Release;
		};
		D42906FE2E6693A52873787A /* Build configuration list for PBXNativeTarget "EnglishCentral-Case" */ = {
			isa = XCConfigurationList;
			buildConfigurations = (
				72F10F4E36F5D6D5ECC7D30C /* Debug */,
				DBA7E06A3DE3AFB9EB25891F /* Release */,
			);
			defaultConfigurationIsVisible = 0;
			defaultConfigurationName = Release;
		};
/* End XCConfigurationList section */

/* Begin XCRemoteSwiftPackageReference section */
		25F917FF6C4AB1C2F1632EE1 /* XCRemoteSwiftPackageReference "UILab" */ = {
			isa = XCRemoteSwiftPackageReference;
			repositoryURL = "https://github.com/yasinkbas/UILab.git";
			requirement = {
				kind = upToNextMajorVersion;
				minimumVersion = 0.3.3;
			};
		};
		66CD7379708590E387519516 /* XCRemoteSwiftPackageReference "NLab" */ = {
			isa = XCRemoteSwiftPackageReference;
			repositoryURL = "https://github.com/yasinkbas/NLab.git";
			requirement = {
				kind = upToNextMajorVersion;
				minimumVersion = 1.1.1;
			};
		};
/* End XCRemoteSwiftPackageReference section */

/* Begin XCSwiftPackageProductDependency section */
		65C9EE305287296DDB8772E8 /* NLab */ = {
			isa = XCSwiftPackageProductDependency;
			productName = NLab;
		};
		68999DF28312766A8535696B /* UILab */ = {
			isa = XCSwiftPackageProductDependency;
			productName = UILab;
		};
/* End XCSwiftPackageProductDependency section */
	};
	rootObject = 0DCA175B2B4132FC767A218F /* Project object */;
}
